{
  "name": "15_WORD_COUNTER_GLOBAL_PACKAGE_INSTALL",
  "lockfileVersion": 3,
  "requires": true,
  "packages": {
    "": {
      "dependencies": {
        "shubham-rawat-word-counter-cli": "^1.0.0"
      }
    },
    "node_modules/shubham-rawat-word-counter-cli": {
      "version": "1.0.0",
      "resolved": "https://registry.npmjs.org/shubham-rawat-word-counter-cli/-/shubham-rawat-word-counter-cli-1.0.0.tgz",
      "integrity": "sha512-1eIkbCYCgLo7oCS5f8CdHX9dNh1YizmM9tUz89RE/MmSp/2DXgoAbS6D7W6/BoO94kg+keepCif8VmThzVtYUg==",
      "license": "ISC",
      "bin": {
        "shubham-rawat-word-counter-cli": "app.js"
      }
    }
  }
}
