{
  "name": "08_npm_package",
  "lockfileVersion": 3,
  "requires": true,
  "packages": {
    "": {
      "dependencies": {
        "shubham-arithmetic-formulas": "^1.0.0"
      }
    },
    "node_modules/shubham-arithmetic-formulas": {
      "version": "1.0.0",
      "resolved": "https://registry.npmjs.org/shubham-arithmetic-formulas/-/shubham-arithmetic-formulas-1.0.0.tgz",
      "integrity": "sha512-0umjWl0YOs6eRX2LBUwGHfBbzCrdeR9SCzub6C6s47DXyXXqCHyBMNJWEIyxdXBam1nBgTa+yWmOhcIuMUREPQ=="
    }
  }
}
